{
  "name": "IDEPortfolio",
  "lockfileVersion": 3,
  "requires": true,
  "packages": {
    "": {
      "dependencies": {
        "@spectrum-css/actionbutton": "^6.1.1",
        "@spectrum-css/button": "^13.1.1",
        "@spectrum-css/divider": "^3.1.1",
        "@spectrum-css/icon": "^7.1.1",
        "@spectrum-css/page": "^8.1.1",
        "@spectrum-css/tabs": "^5.1.1",
        "@spectrum-css/tokens": "^14.3.1",
        "@spectrum-css/typography": "^6.1.1"
      }
    },
    "node_modules/@spectrum-css/actionbutton": {
      "version": "6.1.1",
      "resolved": "https://registry.npmjs.org/@spectrum-css/actionbutton/-/actionbutton-6.1.1.tgz",
      "integrity": "sha512-FHR29sujmQMujETsL+W7WmA4zSE1CRiMHm5b8V94w1QKJqksUWuhDljHUfIfTlS8zCPQv0EDGAZdW2UMi08tuQ==",
      "peerDependencies": {
        "@spectrum-css/icon": ">=7",
        "@spectrum-css/tokens": ">=14"
      },
      "peerDependenciesMeta": {
        "@spectrum-css/icon": {
          "optional": true
        }
      }
    },
    "node_modules/@spectrum-css/alertdialog": {
      "version": "2.1.1",
      "resolved": "https://registry.npmjs.org/@spectrum-css/alertdialog/-/alertdialog-2.1.1.tgz",
      "integrity": "sha512-/jOfaTtiUl9tf4jlcoyWyxfdW6zmnABiRg64DocRS9f3vtbc/hXHjW/t61bDIQ+VJrBwfYRJKVjFe9DMQovlZA==",
      "peer": true,
      "peerDependencies": {
        "@spectrum-css/buttongroup": ">=7",
        "@spectrum-css/divider": ">=3",
        "@spectrum-css/icon": ">=7",
        "@spectrum-css/modal": ">=5",
        "@spectrum-css/tokens": ">=14",
        "@spectrum-css/underlay": ">=4"
      },
      "peerDependenciesMeta": {
        "@spectrum-css/buttongroup": {
          "optional": true
        },
        "@spectrum-css/icon": {
          "optional": true
        }
      }
    },
    "node_modules/@spectrum-css/button": {
      "version": "13.1.1",
      "resolved": "https://registry.npmjs.org/@spectrum-css/button/-/button-13.1.1.tgz",
      "integrity": "sha512-GyLNIErpuSfES0GftmzGgsBLgzdMd10PVU34TgYuRz9Ad3DeRpfT1PzA9jKDjqXXCtf91tB7lMkYPdUCHcHLgA==",
      "peerDependencies": {
        "@spectrum-css/icon": ">=7",
        "@spectrum-css/progresscircle": ">=3",
        "@spectrum-css/tokens": ">=14"
      },
      "peerDependenciesMeta": {
        "@spectrum-css/icon": {
          "optional": true
        },
        "@spectrum-css/progresscircle": {
          "optional": true
        }
      }
    },
    "node_modules/@spectrum-css/closebutton": {
      "version": "5.1.1",
      "resolved": "https://registry.npmjs.org/@spectrum-css/closebutton/-/closebutton-5.1.1.tgz",
      "integrity": "sha512-fbZQKZzkfeyyX4RLNzsdZ3q5qsm8X1l6mwjSvtoG495eTloj0LlfDUwHk1CbnIZ9DPFyIjLvGPkxzhLY8fuC6g==",
      "peer": true,
      "peerDependencies": {
        "@spectrum-css/icon": ">=7",
        "@spectrum-css/tokens": ">=14"
      }
    },
    "node_modules/@spectrum-css/dialog": {
      "version": "10.1.2",
      "resolved": "https://registry.npmjs.org/@spectrum-css/dialog/-/dialog-10.1.2.tgz",
      "integrity": "sha512-/Fg1h3RkuffOaTAAAkwN64apNrBAhn/z/5ZxAsBwnomcKYqEtnU1mO2ztbn1n+n79WacW0MPw3C6h1BsuxmD5g==",
      "peer": true,
      "peerDependencies": {
        "@spectrum-css/closebutton": ">=5",
        "@spectrum-css/divider": ">=3",
        "@spectrum-css/modal": ">=5",
        "@spectrum-css/tokens": ">=14",
        "@spectrum-css/underlay": ">=4"
      },
      "peerDependenciesMeta": {
        "@spectrum-css/divider": {
          "optional": true
        },
        "@spectrum-css/modal": {
          "optional": true
        },
        "@spectrum-css/underlay": {
          "optional": true
        }
      }
    },
    "node_modules/@spectrum-css/divider": {
      "version": "3.1.1",
      "resolved": "https://registry.npmjs.org/@spectrum-css/divider/-/divider-3.1.1.tgz",
      "integrity": "sha512-6AQSiMD+knWWsGfJLkWJ0wOn7JDSvAxYbxz8RuMALBcKFWN4wi30RYARhYtBQnoq43QtP+SPnYxS50AZUVHfCQ==",
      "peerDependencies": {
        "@spectrum-css/tokens": ">=14"
      }
    },
    "node_modules/@spectrum-css/icon": {
      "version": "7.1.1",
      "resolved": "https://registry.npmjs.org/@spectrum-css/icon/-/icon-7.1.1.tgz",
      "integrity": "sha512-6OL0E4BI38jIZYmNCjSBcl4gyp3yl/RA2bFHD2nbB5M5qOdnWFpW8Y3epmhaSnCLIa8E3bPAhI8MU5Dud25ZUA==",
      "peerDependencies": {
        "@spectrum-css/tokens": ">=14"
      }
    },
    "node_modules/@spectrum-css/menu": {
      "version": "7.1.4",
      "resolved": "https://registry.npmjs.org/@spectrum-css/menu/-/menu-7.1.4.tgz",
      "integrity": "sha512-OXRmHiWd8AqCF7nrT1MhWjN+Ri+d7VFub7ZUwAxhPRBYOXur5GQbx89nrzF0DUlV+h8pIEtV1hC3tUzRQc8c+Q==",
      "peer": true,
      "peerDependencies": {
        "@spectrum-css/checkbox": ">=9",
        "@spectrum-css/divider": ">=3",
        "@spectrum-css/icon": ">=7",
        "@spectrum-css/switch": ">=5",
        "@spectrum-css/tokens": ">=14",
        "@spectrum-css/tray": ">=3"
      },
      "peerDependenciesMeta": {
        "@spectrum-css/checkbox": {
          "optional": true
        },
        "@spectrum-css/divider": {
          "optional": true
        },
        "@spectrum-css/switch": {
          "optional": true
        },
        "@spectrum-css/tray": {
          "optional": true
        }
      }
    },
    "node_modules/@spectrum-css/modal": {
      "version": "5.1.1",
      "resolved": "https://registry.npmjs.org/@spectrum-css/modal/-/modal-5.1.1.tgz",
      "integrity": "sha512-JMBReI06LVxT6r+kq0P5zhCbRNsr1UizS1/gW9dHEi3nC432Qo9H+4wcA0KMxhi7peRvjwgktEWw0BzK+BFAqA==",
      "peer": true,
      "peerDependencies": {
        "@spectrum-css/tokens": ">=14"
      }
    },
    "node_modules/@spectrum-css/page": {
      "version": "8.1.1",
      "resolved": "https://registry.npmjs.org/@spectrum-css/page/-/page-8.1.1.tgz",
      "integrity": "sha512-iRKCPlGSgzZkp8kerXAn2IP1TywQPpwJ0Q/Kt0Vtwza7NEVyHbKZbMm1o5aexqslZo8xnwkQuOoyNpwechwu8g==",
      "peerDependencies": {
        "@spectrum-css/tokens": ">=14"
      }
    },
    "node_modules/@spectrum-css/picker": {
      "version": "8.1.3",
      "resolved": "https://registry.npmjs.org/@spectrum-css/picker/-/picker-8.1.3.tgz",
      "integrity": "sha512-15H0/MYKB96hoPu5bKmNXIuQzYPlDtuH2/rOTOgL82827fTON20ach6bBmJINojNwarC3qkoTWfaW1eKS4siDw==",
      "peer": true,
      "peerDependencies": {
        "@spectrum-css/helptext": ">=5",
        "@spectrum-css/icon": ">=7",
        "@spectrum-css/menu": ">=7",
        "@spectrum-css/popover": ">=7",
        "@spectrum-css/progresscircle": ">=3",
        "@spectrum-css/tokens": ">=14"
      },
      "peerDependenciesMeta": {
        "@spectrum-css/helptext": {
          "optional": true
        },
        "@spectrum-css/progresscircle": {
          "optional": true
        }
      }
    },
    "node_modules/@spectrum-css/popover": {
      "version": "7.1.3",
      "resolved": "https://registry.npmjs.org/@spectrum-css/popover/-/popover-7.1.3.tgz",
      "integrity": "sha512-5HGViJVrbTIwQJRRR1osaPMdZU+L0krs7+Mv04Y9ZHeLGz3IR1frAyu/iLZBMcJ48TyNkRSatw+V35KY5AGSAA==",
      "peer": true,
      "peerDependencies": {
        "@spectrum-css/alertdialog": ">=2",
        "@spectrum-css/dialog": ">=10",
        "@spectrum-css/divider": ">=3",
        "@spectrum-css/menu": ">=7",
        "@spectrum-css/tokens": ">=14"
      },
      "peerDependenciesMeta": {
        "@spectrum-css/divider": {
          "optional": true
        },
        "@spectrum-css/menu": {
          "optional": true
        }
      }
    },
    "node_modules/@spectrum-css/tabs": {
      "version": "5.1.1",
      "resolved": "https://registry.npmjs.org/@spectrum-css/tabs/-/tabs-5.1.1.tgz",
      "integrity": "sha512-/qtckwWucCoQcEuO8ExsQyB9HzSWY6X4+LFj4DmFMYDAm2tnypUZnni3F1Au8yp/NEEsUTAPuuXM7U04iWqyKA==",
      "peerDependencies": {
        "@spectrum-css/icon": ">=7",
        "@spectrum-css/menu": ">=7",
        "@spectrum-css/picker": ">=8",
        "@spectrum-css/tokens": ">=14"
      },
      "peerDependenciesMeta": {
        "@spectrum-css/icon": {
          "optional": true
        }
      }
    },
    "node_modules/@spectrum-css/tokens": {
      "version": "14.3.1",
      "resolved": "https://registry.npmjs.org/@spectrum-css/tokens/-/tokens-14.3.1.tgz",
      "integrity": "sha512-YQBEvccp5jC9dxNMSLb708ucrxY64nExvFfJ0iQ+ddlAraOykFFoCTGcQ5UvSNp31Dp348H05PB7zRoStl0Jdg=="
    },
    "node_modules/@spectrum-css/typography": {
      "version": "6.1.1",
      "resolved": "https://registry.npmjs.org/@spectrum-css/typography/-/typography-6.1.1.tgz",
      "integrity": "sha512-PlEvTRqkcQQHCILLZHZvpCWLhq/1sboQ7snLEL+9l3lW4hEdKWzrn4OqZl+S8In5bxF8osmrquvfBJKBY8qrZw==",
      "peerDependencies": {
        "@spectrum-css/tokens": ">=14"
      }
    },
    "node_modules/@spectrum-css/underlay": {
      "version": "4.1.1",
      "resolved": "https://registry.npmjs.org/@spectrum-css/underlay/-/underlay-4.1.1.tgz",
      "integrity": "sha512-PVw6TALyVv01zUULiT9NGRpwjKLXke33y5PPemyasF2eLo9d71VmpJbHB1iTCGU3e0KzlW5TyX8qtC/FqyId+g==",
      "peer": true,
      "peerDependencies": {
        "@spectrum-css/tokens": ">=14"
      }
    }
  }
}
